
Microsoft Visual Studio Solution File, Format Version 11.00
# Visual Studio 2010
Project("{FAE04EC0-301F-11D3-BF4B-00C04F79EFBC}") = "GameClient", "Assembly-CSharp-firstpass.csproj", "{DB63221C-6871-4262-F894-D550D7B02151}"
EndProject
Project("{FAE04EC0-301F-11D3-BF4B-00C04F79EFBC}") = "GameClient", "Assembly-CSharp-Editor-firstpass.csproj", "{684CDC2E-0BF7-9156-3D49-EBAFFA621E50}"
EndProject
Global
	GlobalSection(SolutionConfigurationPlatforms) = preSolution
		Debug|Any CPU = Debug|Any CPU
		Release|Any CPU = Release|Any CPU
	EndGlobalSection
	GlobalSection(ProjectConfigurationPlatforms) = postSolution
		{DB63221C-6871-4262-F894-D550D7B02151}.Debug|Any CPU.ActiveCfg = Debug|Any CPU
		{DB63221C-6871-4262-F894-D550D7B02151}.Debug|Any CPU.Build.0 = Debug|Any CPU
		{DB63221C-6871-4262-F894-D550D7B02151}.Release|Any CPU.ActiveCfg = Release|Any CPU
		{DB63221C-6871-4262-F894-D550D7B02151}.Release|Any CPU.Build.0 = Release|Any CPU
		{684CDC2E-0BF7-9156-3D49-EBAFFA621E50}.Debug|Any CPU.ActiveCfg = Debug|Any CPU
		{684CDC2E-0BF7-9156-3D49-EBAFFA621E50}.Debug|Any CPU.Build.0 = Debug|Any CPU
		{684CDC2E-0BF7-9156-3D49-EBAFFA621E50}.Release|Any CPU.ActiveCfg = Release|Any CPU
		{684CDC2E-0BF7-9156-3D49-EBAFFA621E50}.Release|Any CPU.Build.0 = Release|Any CPU
	EndGlobalSection
	GlobalSection(SolutionProperties) = preSolution
		HideSolutionNode = FALSE
	EndGlobalSection
	GlobalSection(MonoDevelopProperties) = preSolution
		StartupItem = Assembly-CSharp.csproj
	EndGlobalSection
EndGlobal
